// !$*UTF8*$!
{
	archiveVersion = 1;
	classes = {
	};
	objectVersion = 56;
	objects = {

/* Begin PBXBuildFile section */
		D77C7E0D2C51ECFC00E8420B /* PokedexApp.swift in Sources */ = {isa = PBXBuildFile; fileRef = D77C7E0C2C51ECFC00E8420B /* PokedexApp.swift */; };
		D77C7E0F2C51ECFC00E8420B /* ContentView.swift in Sources */ = {isa = PBXBuildFile; fileRef = D77C7E0E2C51ECFC00E8420B /* ContentView.swift */; };
		D77C7E112C51ED0300E8420B /* Assets.xcassets in Resources */ = {isa = PBXBuildFile; fileRef = D77C7E102C51ED0300E8420B /* Assets.xcassets */; };
		D77C7E152C51ED0300E8420B /* Preview Assets.xcassets in Resources */ = {isa = PBXBuildFile; fileRef = D77C7E142C51ED0300E8420B /* Preview Assets.xcassets */; };
		D77C7E1D2C51EDC300E8420B /* Alamofire in Frameworks */ = {isa = PBXBuildFile; productRef = D77C7E1C2C51EDC300E8420B /* Alamofire */; };
		D77C7E1F2C51EDC300E8420B /* AlamofireDynamic in Frameworks */ = {isa = PBXBuildFile; productRef = D77C7E1E2C51EDC300E8420B /* AlamofireDynamic */; };
		D77C7E222C51EE4100E8420B /* Kingfisher in Frameworks */ = {isa = PBXBuildFile; productRef = D77C7E212C51EE4100E8420B /* Kingfisher */; };
		D77C7E252C51EF6000E8420B /* APIService.swift in Sources */ = {isa = PBXBuildFile; fileRef = D77C7E242C51EF6000E8420B /* APIService.swift */; };
		D77C7E272C51EF7700E8420B /* HTTP.swift in Sources */ = {isa = PBXBuildFile; fileRef = D77C7E262C51EF7700E8420B /* HTTP.swift */; };
		D77C7E292C51EF8000E8420B /* Constants.swift in Sources */ = {isa = PBXBuildFile; fileRef = D77C7E282C51EF8000E8420B /* Constants.swift */; };
		D77C7E2B2C51EF8600E8420B /* Endpoint.swift in Sources */ = {isa = PBXBuildFile; fileRef = D77C7E2A2C51EF8600E8420B /* Endpoint.swift */; };
		D77C7E2E2C51EFC100E8420B /* Pokemon.swift in Sources */ = {isa = PBXBuildFile; fileRef = D77C7E2D2C51EFC100E8420B /* Pokemon.swift */; };
		D77C7E302C51EFC700E8420B /* Type.swift in Sources */ = {isa = PBXBuildFile; fileRef = D77C7E2F2C51EFC700E8420B /* Type.swift */; };
		D77C7E332C51EFE400E8420B /* HomeUseCase.swift in Sources */ = {isa = PBXBuildFile; fileRef = D77C7E322C51EFE400E8420B /* HomeUseCase.swift */; };
		D77C7E362C51F00100E8420B /* HomeView.swift in Sources */ = {isa = PBXBuildFile; fileRef = D77C7E352C51F00100E8420B /* HomeView.swift */; };
		D77C7E382C51F00A00E8420B /* HomeViewModel.swift in Sources */ = {isa = PBXBuildFile; fileRef = D77C7E372C51F00A00E8420B /* HomeViewModel.swift */; };
/* End PBXBuildFile section */

/* Begin PBXFileReference section */
		D77C7E092C51ECFC00E8420B /* Pokedex.app */ = {isa = PBXFileReference; explicitFileType = wrapper.application; includeInIndex = 0; path = Pokedex.app; sourceTree = BUILT_PRODUCTS_DIR; };
		D77C7E0C2C51ECFC00E8420B /* PokedexApp.swift */ = {isa = PBXFileReference; lastKnownFileType = sourcecode.swift; path = PokedexApp.swift; sourceTree = "<group>"; };
		D77C7E0E2C51ECFC00E8420B /* ContentView.swift */ = {isa = PBXFileReference; lastKnownFileType = sourcecode.swift; path = ContentView.swift; sourceTree = "<group>"; };
		D77C7E102C51ED0300E8420B /* Assets.xcassets */ = {isa = PBXFileReference; lastKnownFileType = folder.assetcatalog; path = Assets.xcassets; sourceTree = "<group>"; };
		D77C7E122C51ED0300E8420B /* Pokedex.entitlements */ = {isa = PBXFileReference; lastKnownFileType = text.plist.entitlements; path = Pokedex.entitlements; sourceTree = "<group>"; };
		D77C7E142C51ED0300E8420B /* Preview Assets.xcassets */ = {isa = PBXFileReference; lastKnownFileType = folder.assetcatalog; path = "Preview Assets.xcassets"; sourceTree = "<group>"; };
		D77C7E242C51EF6000E8420B /* APIService.swift */ = {isa = PBXFileReference; lastKnownFileType = sourcecode.swift; path = APIService.swift; sourceTree = "<group>"; };
		D77C7E262C51EF7700E8420B /* HTTP.swift */ = {isa = PBXFileReference; lastKnownFileType = sourcecode.swift; path = HTTP.swift; sourceTree = "<group>"; };
		D77C7E282C51EF8000E8420B /* Constants.swift */ = {isa = PBXFileReference; lastKnownFileType = sourcecode.swift; path = Constants.swift; sourceTree = "<group>"; };
		D77C7E2A2C51EF8600E8420B /* Endpoint.swift */ = {isa = PBXFileReference; lastKnownFileType = sourcecode.swift; path = Endpoint.swift; sourceTree = "<group>"; };
		D77C7E2D2C51EFC100E8420B /* Pokemon.swift */ = {isa = PBXFileReference; lastKnownFileType = sourcecode.swift; path = Pokemon.swift; sourceTree = "<group>"; };
		D77C7E2F2C51EFC700E8420B /* Type.swift */ = {isa = PBXFileReference; lastKnownFileType = sourcecode.swift; path = Type.swift; sourceTree = "<group>"; };
		D77C7E322C51EFE400E8420B /* HomeUseCase.swift */ = {isa = PBXFileReference; lastKnownFileType = sourcecode.swift; path = HomeUseCase.swift; sourceTree = "<group>"; };
		D77C7E352C51F00100E8420B /* HomeView.swift */ = {isa = PBXFileReference; lastKnownFileType = sourcecode.swift; path = HomeView.swift; sourceTree = "<group>"; };
		D77C7E372C51F00A00E8420B /* HomeViewModel.swift */ = {isa = PBXFileReference; lastKnownFileType = sourcecode.swift; path = HomeViewModel.swift; sourceTree = "<group>"; };
/* End PBXFileReference section */

/* Begin PBXFrameworksBuildPhase section */
		D77C7E062C51ECFC00E8420B /* Frameworks */ = {
			isa = PBXFrameworksBuildPhase;
			buildActionMask = 2147483647;
			files = (
				D77C7E222C51EE4100E8420B /* Kingfisher in Frameworks */,
				D77C7E1D2C51EDC300E8420B /* Alamofire in Frameworks */,
				D77C7E1F2C51EDC300E8420B /* AlamofireDynamic in Frameworks */,
			);
			runOnlyForDeploymentPostprocessing = 0;
		};
/* End PBXFrameworksBuildPhase section */

/* Begin PBXGroup section */
		D77C7E002C51ECFC00E8420B = {
			isa = PBXGroup;
			children = (
				D77C7E0B2C51ECFC00E8420B /* Pokedex */,
				D77C7E0A2C51ECFC00E8420B /* Products */,
			);
			sourceTree = "<group>";
		};
		D77C7E0A2C51ECFC00E8420B /* Products */ = {
			isa = PBXGroup;
			children = (
				D77C7E092C51ECFC00E8420B /* Pokedex.app */,
			);
			name = Products;
			sourceTree = "<group>";
		};
		D77C7E0B2C51ECFC00E8420B /* Pokedex */ = {
			isa = PBXGroup;
			children = (
				D77C7E342C51EFF800E8420B /* Home */,
				D77C7E312C51EFDB00E8420B /* UseCase */,
				D77C7E2C2C51EFBA00E8420B /* Model */,
				D77C7E232C51EF4F00E8420B /* Service */,
				D77C7E0C2C51ECFC00E8420B /* PokedexApp.swift */,
				D77C7E0E2C51ECFC00E8420B /* ContentView.swift */,
				D77C7E102C51ED0300E8420B /* Assets.xcassets */,
				D77C7E122C51ED0300E8420B /* Pokedex.entitlements */,
				D77C7E132C51ED0300E8420B /* Preview Content */,
			);
			path = Pokedex;
			sourceTree = "<group>";
		};
		D77C7E132C51ED0300E8420B /* Preview Content */ = {
			isa = PBXGroup;
			children = (
				D77C7E142C51ED0300E8420B /* Preview Assets.xcassets */,
			);
			path = "Preview Content";
			sourceTree = "<group>";
		};
		D77C7E232C51EF4F00E8420B /* Service */ = {
			isa = PBXGroup;
			children = (
				D77C7E242C51EF6000E8420B /* APIService.swift */,
				D77C7E262C51EF7700E8420B /* HTTP.swift */,
				D77C7E282C51EF8000E8420B /* Constants.swift */,
				D77C7E2A2C51EF8600E8420B /* Endpoint.swift */,
			);
			path = Service;
			sourceTree = "<group>";
		};
		D77C7E2C2C51EFBA00E8420B /* Model */ = {
			isa = PBXGroup;
			children = (
				D77C7E2D2C51EFC100E8420B /* Pokemon.swift */,
				D77C7E2F2C51EFC700E8420B /* Type.swift */,
			);
			path = Model;
			sourceTree = "<group>";
		};
		D77C7E312C51EFDB00E8420B /* UseCase */ = {
			isa = PBXGroup;
			children = (
				D77C7E322C51EFE400E8420B /* HomeUseCase.swift */,
			);
			path = UseCase;
			sourceTree = "<group>";
		};
		D77C7E342C51EFF800E8420B /* Home */ = {
			isa = PBXGroup;
			children = (
				D77C7E352C51F00100E8420B /* HomeView.swift */,
				D77C7E372C51F00A00E8420B /* HomeViewModel.swift */,
			);
			path = Home;
			sourceTree = "<group>";
		};
/* End PBXGroup section */

/* Begin PBXNativeTarget section */
		D77C7E082C51ECFC00E8420B /* Pokedex */ = {
			isa = PBXNativeTarget;
			buildConfigurationList = D77C7E182C51ED0300E8420B /* Build configuration list for PBXNativeTarget "Pokedex" */;
			buildPhases = (
				D77C7E052C51ECFC00E8420B /* Sources */,
				D77C7E062C51ECFC00E8420B /* Frameworks */,
				D77C7E072C51ECFC00E8420B /* Resources */,
			);
			buildRules = (
			);
			dependencies = (
			);
			name = Pokedex;
			packageProductDependencies = (
				D77C7E1C2C51EDC300E8420B /* Alamofire */,
				D77C7E1E2C51EDC300E8420B /* AlamofireDynamic */,
				D77C7E212C51EE4100E8420B /* Kingfisher */,
			);
			productName = Pokedex;
			productReference = D77C7E092C51ECFC00E8420B /* Pokedex.app */;
			productType = "com.apple.product-type.application";
		};
/* End PBXNativeTarget section */

/* Begin PBXProject section */
		D77C7E012C51ECFC00E8420B /* Project object */ = {
			isa = PBXProject;
			attributes = {
				BuildIndependentTargetsInParallel = 1;
				LastSwiftUpdateCheck = 1520;
				LastUpgradeCheck = 1520;
				TargetAttributes = {
					D77C7E082C51ECFC00E8420B = {
						CreatedOnToolsVersion = 15.2;
					};
				};
			};
			buildConfigurationList = D77C7E042C51ECFC00E8420B /* Build configuration list for PBXProject "Pokedex" */;
			compatibilityVersion = "Xcode 14.0";
			developmentRegion = en;
			hasScannedForEncodings = 0;
			knownRegions = (
				en,
				Base,
			);
			mainGroup = D77C7E002C51ECFC00E8420B;
			packageReferences = (
				D77C7E1B2C51EDC300E8420B /* XCRemoteSwiftPackageReference "Alamofire" */,
				D77C7E202C51EE4100E8420B /* XCRemoteSwiftPackageReference "Kingfisher" */,
			);
			productRefGroup = D77C7E0A2C51ECFC00E8420B /* Products */;
			projectDirPath = "";
			projectRoot = "";
			targets = (
				D77C7E082C51ECFC00E8420B /* Pokedex */,
			);
		};
/* End PBXProject section */

/* Begin PBXResourcesBuildPhase section */
		D77C7E072C51ECFC00E8420B /* Resources */ = {
			isa = PBXResourcesBuildPhase;
			buildActionMask = 2147483647;
			files = (
				D77C7E152C51ED0300E8420B /* Preview Assets.xcassets in Resources */,
				D77C7E112C51ED0300E8420B /* Assets.xcassets in Resources */,
			);
			runOnlyForDeploymentPostprocessing = 0;
		};
/* End PBXResourcesBuildPhase section */

/* Begin PBXSourcesBuildPhase section */
		D77C7E052C51ECFC00E8420B /* Sources */ = {
			isa = PBXSourcesBuildPhase;
			buildActionMask = 2147483647;
			files = (
				D77C7E332C51EFE400E8420B /* HomeUseCase.swift in Sources */,
				D77C7E382C51F00A00E8420B /* HomeViewModel.swift in Sources */,
				D77C7E2E2C51EFC100E8420B /* Pokemon.swift in Sources */,
				D77C7E292C51EF8000E8420B /* Constants.swift in Sources */,
				D77C7E362C51F00100E8420B /* HomeView.swift in Sources */,
				D77C7E0F2C51ECFC00E8420B /* ContentView.swift in Sources */,
				D77C7E272C51EF7700E8420B /* HTTP.swift in Sources */,
				D77C7E252C51EF6000E8420B /* APIService.swift in Sources */,
				D77C7E2B2C51EF8600E8420B /* Endpoint.swift in Sources */,
				D77C7E0D2C51ECFC00E8420B /* PokedexApp.swift in Sources */,
				D77C7E302C51EFC700E8420B /* Type.swift in Sources */,
			);
			runOnlyForDeploymentPostprocessing = 0;
		};
/* End PBXSourcesBuildPhase section */

/* Begin XCBuildConfiguration section */
		D77C7E162C51ED0300E8420B /* Debug */ = {
			isa = XCBuildConfiguration;
			buildSettings = {
				ALWAYS_SEARCH_USER_PATHS = NO;
				ASSETCATALOG_COMPILER_GENERATE_SWIFT_ASSET_SYMBOL_EXTENSIONS = YES;
				CLANG_ANALYZER_NONNULL = YES;
				CLANG_ANALYZER_NUMBER_OBJECT_CONVERSION = YES_AGGRESSIVE;
				CLANG_CXX_LANGUAGE_STANDARD = "gnu++20";
				CLANG_ENABLE_MODULES = YES;
				CLANG_ENABLE_OBJC_ARC = YES;
				CLANG_ENABLE_OBJC_WEAK = YES;
				CLANG_WARN_BLOCK_CAPTURE_AUTORELEASING = YES;
				CLANG_WARN_BOOL_CONVERSION = YES;
				CLANG_WARN_COMMA = YES;
				CLANG_WARN_CONSTANT_CONVERSION = YES;
				CLANG_WARN_DEPRECATED_OBJC_IMPLEMENTATIONS = YES;
				CLANG_WARN_DIRECT_OBJC_ISA_USAGE = YES_ERROR;
				CLANG_WARN_DOCUMENTATION_COMMENTS = YES;
				CLANG_WARN_EMPTY_BODY = YES;
				CLANG_WARN_ENUM_CONVERSION = YES;
				CLANG_WARN_INFINITE_RECURSION = YES;
				CLANG_WARN_INT_CONVERSION = YES;
				CLANG_WARN_NON_LITERAL_NULL_CONVERSION = YES;
				CLANG_WARN_OBJC_IMPLICIT_RETAIN_SELF = YES;
				CLANG_WARN_OBJC_LITERAL_CONVERSION = YES;
				CLANG_WARN_OBJC_ROOT_CLASS = YES_ERROR;
				CLANG_WARN_QUOTED_INCLUDE_IN_FRAMEWORK_HEADER = YES;
				CLANG_WARN_RANGE_LOOP_ANALYSIS = YES;
				CLANG_WARN_STRICT_PROTOTYPES = YES;
				CLANG_WARN_SUSPICIOUS_MOVE = YES;
				CLANG_WARN_UNGUARDED_AVAILABILITY = YES_AGGRESSIVE;
				CLANG_WARN_UNREACHABLE_CODE = YES;
				CLANG_WARN__DUPLICATE_METHOD_MATCH = YES;
				COPY_PHASE_STRIP = NO;
				DEBUG_INFORMATION_FORMAT = dwarf;
				ENABLE_STRICT_OBJC_MSGSEND = YES;
				ENABLE_TESTABILITY = YES;
				ENABLE_USER_SCRIPT_SANDBOXING = YES;
				GCC_C_LANGUAGE_STANDARD = gnu17;
				GCC_DYNAMIC_NO_PIC = NO;
				GCC_NO_COMMON_BLOCKS = YES;
				GCC_OPTIMIZATION_LEVEL = 0;
				GCC_PREPROCESSOR_DEFINITIONS = (
					"DEBUG=1",
					"$(inherited)",
				);
				GCC_WARN_64_TO_32_BIT_CONVERSION = YES;
				GCC_WARN_ABOUT_RETURN_TYPE = YES_ERROR;
				GCC_WARN_UNDECLARED_SELECTOR = YES;
				GCC_WARN_UNINITIALIZED_AUTOS = YES_AGGRESSIVE;
				GCC_WARN_UNUSED_FUNCTION = YES;
				GCC_WARN_UNUSED_VARIABLE = YES;
				LOCALIZATION_PREFERS_STRING_CATALOGS = YES;
				MTL_ENABLE_DEBUG_INFO = INCLUDE_SOURCE;
				MTL_FAST_MATH = YES;
				ONLY_ACTIVE_ARCH = YES;
				SWIFT_ACTIVE_COMPILATION_CONDITIONS = "DEBUG $(inherited)";
				SWIFT_OPTIMIZATION_LEVEL = "-Onone";
			};
			name = Debug;
		};
		D77C7E172C51ED0300E8420B /* Release */ = {
			isa = XCBuildConfiguration;
			buildSettings = {
				ALWAYS_SEARCH_USER_PATHS = NO;
				ASSETCATALOG_COMPILER_GENERATE_SWIFT_ASSET_SYMBOL_EXTENSIONS = YES;
				CLANG_ANALYZER_NONNULL = YES;
				CLANG_ANALYZER_NUMBER_OBJECT_CONVERSION = YES_AGGRESSIVE;
				CLANG_CXX_LANGUAGE_STANDARD = "gnu++20";
				CLANG_ENABLE_MODULES = YES;
				CLANG_ENABLE_OBJC_ARC = YES;
				CLANG_ENABLE_OBJC_WEAK = YES;
				CLANG_WARN_BLOCK_CAPTURE_AUTORELEASING = YES;
				CLANG_WARN_BOOL_CONVERSION = YES;
				CLANG_WARN_COMMA = YES;
				CLANG_WARN_CONSTANT_CONVERSION = YES;
				CLANG_WARN_DEPRECATED_OBJC_IMPLEMENTATIONS = YES;
				CLANG_WARN_DIRECT_OBJC_ISA_USAGE = YES_ERROR;
				CLANG_WARN_DOCUMENTATION_COMMENTS = YES;
				CLANG_WARN_EMPTY_BODY = YES;
				CLANG_WARN_ENUM_CONVERSION = YES;
				CLANG_WARN_INFINITE_RECURSION = YES;
				CLANG_WARN_INT_CONVERSION = YES;
				CLANG_WARN_NON_LITERAL_NULL_CONVERSION = YES;
				CLANG_WARN_OBJC_IMPLICIT_RETAIN_SELF = YES;
				CLANG_WARN_OBJC_LITERAL_CONVERSION = YES;
				CLANG_WARN_OBJC_ROOT_CLASS = YES_ERROR;
				CLANG_WARN_QUOTED_INCLUDE_IN_FRAMEWORK_HEADER = YES;
				CLANG_WARN_RANGE_LOOP_ANALYSIS = YES;
				CLANG_WARN_STRICT_PROTOTYPES = YES;
				CLANG_WARN_SUSPICIOUS_MOVE = YES;
				CLANG_WARN_UNGUARDED_AVAILABILITY = YES_AGGRESSIVE;
				CLANG_WARN_UNREACHABLE_CODE = YES;
				CLANG_WARN__DUPLICATE_METHOD_MATCH = YES;
				COPY_PHASE_STRIP = NO;
				DEBUG_INFORMATION_FORMAT = "dwarf-with-dsym";
				ENABLE_NS_ASSERTIONS = NO;
				ENABLE_STRICT_OBJC_MSGSEND = YES;
				ENABLE_USER_SCRIPT_SANDBOXING = YES;
				GCC_C_LANGUAGE_STANDARD = gnu17;
				GCC_NO_COMMON_BLOCKS = YES;
				GCC_WARN_64_TO_32_BIT_CONVERSION = YES;
				GCC_WARN_ABOUT_RETURN_TYPE = YES_ERROR;
				GCC_WARN_UNDECLARED_SELECTOR = YES;
				GCC_WARN_UNINITIALIZED_AUTOS = YES_AGGRESSIVE;
				GCC_WARN_UNUSED_FUNCTION = YES;
				GCC_WARN_UNUSED_VARIABLE = YES;
				LOCALIZATION_PREFERS_STRING_CATALOGS = YES;
				MTL_ENABLE_DEBUG_INFO = NO;
				MTL_FAST_MATH = YES;
				SWIFT_COMPILATION_MODE = wholemodule;
			};
			name = Release;
		};
		D77C7E192C51ED0300E8420B /* Debug */ = {
			isa = XCBuildConfiguration;
			buildSettings = {
				ASSETCATALOG_COMPILER_APPICON_NAME = AppIcon;
				ASSETCATALOG_COMPILER_GLOBAL_ACCENT_COLOR_NAME = AccentColor;
				CODE_SIGN_ENTITLEMENTS = Pokedex/Pokedex.entitlements;
				CODE_SIGN_STYLE = Automatic;
				CURRENT_PROJECT_VERSION = 1;
				DEVELOPMENT_ASSET_PATHS = "\"Pokedex/Preview Content\"";
				ENABLE_PREVIEWS = YES;
				GENERATE_INFOPLIST_FILE = YES;
				"INFOPLIST_KEY_UIApplicationSceneManifest_Generation[sdk=iphoneos*]" = YES;
				"INFOPLIST_KEY_UIApplicationSceneManifest_Generation[sdk=iphonesimulator*]" = YES;
				"INFOPLIST_KEY_UIApplicationSupportsIndirectInputEvents[sdk=iphoneos*]" = YES;
				"INFOPLIST_KEY_UIApplicationSupportsIndirectInputEvents[sdk=iphonesimulator*]" = YES;
				"INFOPLIST_KEY_UILaunchScreen_Generation[sdk=iphoneos*]" = YES;
				"INFOPLIST_KEY_UILaunchScreen_Generation[sdk=iphonesimulator*]" = YES;
				"INFOPLIST_KEY_UIStatusBarStyle[sdk=iphoneos*]" = UIStatusBarStyleDefault;
				"INFOPLIST_KEY_UIStatusBarStyle[sdk=iphonesimulator*]" = UIStatusBarStyleDefault;
				INFOPLIST_KEY_UISupportedInterfaceOrientations_iPad = "UIInterfaceOrientationPortrait UIInterfaceOrientationPortraitUpsideDown UIInterfaceOrientationLandscapeLeft UIInterfaceOrientationLandscapeRight";
				INFOPLIST_KEY_UISupportedInterfaceOrientations_iPhone = "UIInterfaceOrientationPortrait UIInterfaceOrientationLandscapeLeft UIInterfaceOrientationLandscapeRight";
				IPHONEOS_DEPLOYMENT_TARGET = 17.2;
				LD_RUNPATH_SEARCH_PATHS = "@executable_path/Frameworks";
				"LD_RUNPATH_SEARCH_PATHS[sdk=macosx*]" = "@executable_path/../Frameworks";
				MACOSX_DEPLOYMENT_TARGET = 14.2;
				MARKETING_VERSION = 1.0;
				PRODUCT_BUNDLE_IDENTIFIER = com.dev.rafaalt.Pokedex;
				PRODUCT_NAME = "$(TARGET_NAME)";
				SDKROOT = auto;
				SUPPORTED_PLATFORMS = "iphoneos iphonesimulator macosx";
				SWIFT_EMIT_LOC_STRINGS = YES;
				SWIFT_VERSION = 5.0;
				TARGETED_DEVICE_FAMILY = "1,2";
			};
			name = Debug;
		};
		D77C7E1A2C51ED0300E8420B /* Release */ = {
			isa = XCBuildConfiguration;
			buildSettings = {
				ASSETCATALOG_COMPILER_APPICON_NAME = AppIcon;
				ASSETCATALOG_COMPILER_GLOBAL_ACCENT_COLOR_NAME = AccentColor;
				CODE_SIGN_ENTITLEMENTS = Pokedex/Pokedex.entitlements;
				CODE_SIGN_STYLE = Automatic;
				CURRENT_PROJECT_VERSION = 1;
				DEVELOPMENT_ASSET_PATHS = "\"Pokedex/Preview Content\"";
				ENABLE_PREVIEWS = YES;
				GENERATE_INFOPLIST_FILE = YES;
				"INFOPLIST_KEY_UIApplicationSceneManifest_Generation[sdk=iphoneos*]" = YES;
				"INFOPLIST_KEY_UIApplicationSceneManifest_Generation[sdk=iphonesimulator*]" = YES;
				"INFOPLIST_KEY_UIApplicationSupportsIndirectInputEvents[sdk=iphoneos*]" = YES;
				"INFOPLIST_KEY_UIApplicationSupportsIndirectInputEvents[sdk=iphonesimulator*]" = YES;
				"INFOPLIST_KEY_UILaunchScreen_Generation[sdk=iphoneos*]" = YES;
				"INFOPLIST_KEY_UILaunchScreen_Generation[sdk=iphonesimulator*]" = YES;
				"INFOPLIST_KEY_UIStatusBarStyle[sdk=iphoneos*]" = UIStatusBarStyleDefault;
				"INFOPLIST_KEY_UIStatusBarStyle[sdk=iphonesimulator*]" = UIStatusBarStyleDefault;
				INFOPLIST_KEY_UISupportedInterfaceOrientations_iPad = "UIInterfaceOrientationPortrait UIInterfaceOrientationPortraitUpsideDown UIInterfaceOrientationLandscapeLeft UIInterfaceOrientationLandscapeRight";
				INFOPLIST_KEY_UISupportedInterfaceOrientations_iPhone = "UIInterfaceOrientationPortrait UIInterfaceOrientationLandscapeLeft UIInterfaceOrientationLandscapeRight";
				IPHONEOS_DEPLOYMENT_TARGET = 17.2;
				LD_RUNPATH_SEARCH_PATHS = "@executable_path/Frameworks";
				"LD_RUNPATH_SEARCH_PATHS[sdk=macosx*]" = "@executable_path/../Frameworks";
				MACOSX_DEPLOYMENT_TARGET = 14.2;
				MARKETING_VERSION = 1.0;
				PRODUCT_BUNDLE_IDENTIFIER = com.dev.rafaalt.Pokedex;
				PRODUCT_NAME = "$(TARGET_NAME)";
				SDKROOT = auto;
				SUPPORTED_PLATFORMS = "iphoneos iphonesimulator macosx";
				SWIFT_EMIT_LOC_STRINGS = YES;
				SWIFT_VERSION = 5.0;
				TARGETED_DEVICE_FAMILY = "1,2";
			};
			name = Release;
		};
/* End XCBuildConfiguration section */

/* Begin XCConfigurationList section */
		D77C7E042C51ECFC00E8420B /* Build configuration list for PBXProject "Pokedex" */ = {
			isa = XCConfigurationList;
			buildConfigurations = (
				D77C7E162C51ED0300E8420B /* Debug */,
				D77C7E172C51ED0300E8420B /* Release */,
			);
			defaultConfigurationIsVisible = 0;
			defaultConfigurationName = Release;
		};
		D77C7E182C51ED0300E8420B /* Build configuration list for PBXNativeTarget "Pokedex" */ = {
			isa = XCConfigurationList;
			buildConfigurations = (
				D77C7E192C51ED0300E8420B /* Debug */,
				D77C7E1A2C51ED0300E8420B /* Release */,
			);
			defaultConfigurationIsVisible = 0;
			defaultConfigurationName = Release;
		};
/* End XCConfigurationList section */

/* Begin XCRemoteSwiftPackageReference section */
		D77C7E1B2C51EDC300E8420B /* XCRemoteSwiftPackageReference "Alamofire" */ = {
			isa = XCRemoteSwiftPackageReference;
			repositoryURL = "https://github.com/Alamofire/Alamofire.git";
			requirement = {
				kind = upToNextMajorVersion;
				minimumVersion = 5.9.1;
			};
		};
		D77C7E202C51EE4100E8420B /* XCRemoteSwiftPackageReference "Kingfisher" */ = {
			isa = XCRemoteSwiftPackageReference;
			repositoryURL = "https://github.com/onevcat/Kingfisher.git";
			requirement = {
				kind = upToNextMajorVersion;
				minimumVersion = 7.12.0;
			};
		};
/* End XCRemoteSwiftPackageReference section */

/* Begin XCSwiftPackageProductDependency section */
		D77C7E1C2C51EDC300E8420B /* Alamofire */ = {
			isa = XCSwiftPackageProductDependency;
			package = D77C7E1B2C51EDC300E8420B /* XCRemoteSwiftPackageReference "Alamofire" */;
			productName = Alamofire;
		};
		D77C7E1E2C51EDC300E8420B /* AlamofireDynamic */ = {
			isa = XCSwiftPackageProductDependency;
			package = D77C7E1B2C51EDC300E8420B /* XCRemoteSwiftPackageReference "Alamofire" */;
			productName = AlamofireDynamic;
		};
		D77C7E212C51EE4100E8420B /* Kingfisher */ = {
			isa = XCSwiftPackageProductDependency;
			package = D77C7E202C51EE4100E8420B /* XCRemoteSwiftPackageReference "Kingfisher" */;
			productName = Kingfisher;
		};
/* End XCSwiftPackageProductDependency section */
	};
	rootObject = D77C7E012C51ECFC00E8420B /* Project object */;
}
